
Microsoft Visual Studio Solution File, Format Version 12.00
# Visual Studio Version 17
VisualStudioVersion = 17.5.33502.453
MinimumVisualStudioVersion = 10.0.40219.1
Project("{FAE04EC0-301F-11D3-BF4B-00C04F79EFBC}") = "Day5PracticeProblem", "Day5PracticeProblem\Day5PracticeProblem.csproj", "{D33BD5B0-CA58-488F-9E20-B9DF61B0D847}"
EndProject
Global
	GlobalSection(SolutionConfigurationPlatforms) = preSolution
		Debug|Any CPU = Debug|Any CPU
		Release|Any CPU = Release|Any CPU
	EndGlobalSection
	GlobalSection(ProjectConfigurationPlatforms) = postSolution
		{D33BD5B0-CA58-488F-9E20-B9DF61B0D847}.Debug|Any CPU.ActiveCfg = Debug|Any CPU
		{D33BD5B0-CA58-488F-9E20-B9DF61B0D847}.Debug|Any CPU.Build.0 = Debug|Any CPU
		{D33BD5B0-CA58-488F-9E20-B9DF61B0D847}.Release|Any CPU.ActiveCfg = Release|Any CPU
		{D33BD5B0-CA58-488F-9E20-B9DF61B0D847}.Release|Any CPU.Build.0 = Release|Any CPU
	EndGlobalSection
	GlobalSection(SolutionProperties) = preSolution
		HideSolutionNode = FALSE
	EndGlobalSection
	GlobalSection(ExtensibilityGlobals) = postSolution
		SolutionGuid = {A12E9B72-57A3-4E04-A2D9-8FC418296A3E}
	EndGlobalSection
EndGlobal
